
Microsoft Visual Studio Solution File, Format Version 12.00
# Visual Studio Version 17
VisualStudioVersion = 17.7.34221.43
MinimumVisualStudioVersion = 10.0.40219.1
Project("{9A19103F-16F7-4668-BE54-9A1E7A4F7556}") = "PRL", "PRL_DangNhap\PRL.csproj", "{EFFB6527-C8F7-4DEB-8EB8-7C2D354C3AE9}"
EndProject
Project("{9A19103F-16F7-4668-BE54-9A1E7A4F7556}") = "BUS", "BUS\BUS.csproj", "{062F81C9-E00C-402A-883D-0334E4A0E903}"
EndProject
Project("{FAE04EC0-301F-11D3-BF4B-00C04F79EFBC}") = "DAL", "DAL\DAL.csproj", "{1F1E0245-F95E-49A4-8C33-02AFC451819A}"
EndProject
Global
	GlobalSection(SolutionConfigurationPlatforms) = preSolution
		Debug|Any CPU = Debug|Any CPU
		Release|Any CPU = Release|Any CPU
	EndGlobalSection
	GlobalSection(ProjectConfigurationPlatforms) = postSolution
		{EFFB6527-C8F7-4DEB-8EB8-7C2D354C3AE9}.Debug|Any CPU.ActiveCfg = Debug|Any CPU
		{EFFB6527-C8F7-4DEB-8EB8-7C2D354C3AE9}.Debug|Any CPU.Build.0 = Debug|Any CPU
		{EFFB6527-C8F7-4DEB-8EB8-7C2D354C3AE9}.Release|Any CPU.ActiveCfg = Release|Any CPU
		{EFFB6527-C8F7-4DEB-8EB8-7C2D354C3AE9}.Release|Any CPU.Build.0 = Release|Any CPU
		{062F81C9-E00C-402A-883D-0334E4A0E903}.Debug|Any CPU.ActiveCfg = Debug|Any CPU
		{062F81C9-E00C-402A-883D-0334E4A0E903}.Debug|Any CPU.Build.0 = Debug|Any CPU
		{062F81C9-E00C-402A-883D-0334E4A0E903}.Release|Any CPU.ActiveCfg = Release|Any CPU
		{062F81C9-E00C-402A-883D-0334E4A0E903}.Release|Any CPU.Build.0 = Release|Any CPU
		{1F1E0245-F95E-49A4-8C33-02AFC451819A}.Debug|Any CPU.ActiveCfg = Debug|Any CPU
		{1F1E0245-F95E-49A4-8C33-02AFC451819A}.Debug|Any CPU.Build.0 = Debug|Any CPU
		{1F1E0245-F95E-49A4-8C33-02AFC451819A}.Release|Any CPU.ActiveCfg = Release|Any CPU
		{1F1E0245-F95E-49A4-8C33-02AFC451819A}.Release|Any CPU.Build.0 = Release|Any CPU
	EndGlobalSection
	GlobalSection(SolutionProperties) = preSolution
		HideSolutionNode = FALSE
	EndGlobalSection
	GlobalSection(ExtensibilityGlobals) = postSolution
		SolutionGuid = {B6874120-B861-47E6-8FF3-66B27D1FFE8E}
	EndGlobalSection
EndGlobal
